// !$*UTF8*$!
{
	archiveVersion = 1;
	classes = {
	};
	objectVersion = 46;
	objects = {

/* Begin PBXBuildFile section */
		3A7AC98C1E6E7E1400CB55EC /* AppDelegate.swift in Sources */ = {isa = PBXBuildFile; fileRef = 3A7AC98B1E6E7E1400CB55EC /* AppDelegate.swift */; };
		3A7AC98E1E6E7E1400CB55EC /* ViewController.swift in Sources */ = {isa = PBXBuildFile; fileRef = 3A7AC98D1E6E7E1400CB55EC /* ViewController.swift */; };
		3A7AC9911E6E7E1400CB55EC /* Main.storyboard in Resources */ = {isa = PBXBuildFile; fileRef = 3A7AC98F1E6E7E1400CB55EC /* Main.storyboard */; };
		3A7AC9931E6E7E1400CB55EC /* Assets.xcassets in Resources */ = {isa = PBXBuildFile; fileRef = 3A7AC9921E6E7E1400CB55EC /* Assets.xcassets */; };
		3A7AC9A11E6E7E1400CB55EC /* YATipCalculatorTests.swift in Sources */ = {isa = PBXBuildFile; fileRef = 3A7AC9A01E6E7E1400CB55EC /* YATipCalculatorTests.swift */; };
		3A7AC9AC1E6E7E1400CB55EC /* YATipCalculatorUITests.swift in Sources */ = {isa = PBXBuildFile; fileRef = 3A7AC9AB1E6E7E1400CB55EC /* YATipCalculatorUITests.swift */; };
		3A7AC9BC1E6E913A00CB55EC /* SettingsViewController.swift in Sources */ = {isa = PBXBuildFile; fileRef = 3A7AC9BB1E6E913A00CB55EC /* SettingsViewController.swift */; };
		3A7AC9C01E6FDC5800CB55EC /* YATipCalculator.gif in Resources */ = {isa = PBXBuildFile; fileRef = 3A7AC9BF1E6FDC5800CB55EC /* YATipCalculator.gif */; };
/* End PBXBuildFile section */

/* Begin PBXContainerItemProxy section */
		3A7AC99D1E6E7E1400CB55EC /* PBXContainerItemProxy */ = {
			isa = PBXContainerItemProxy;
			containerPortal = 3A7AC9801E6E7E1400CB55EC /* Project object */;
			proxyType = 1;
			remoteGlobalIDString = 3A7AC9871E6E7E1400CB55EC;
			remoteInfo = YATipCalculator;
		};
		3A7AC9A81E6E7E1400CB55EC /* PBXContainerItemProxy */ = {
			isa = PBXContainerItemProxy;
			containerPortal = 3A7AC9801E6E7E1400CB55EC /* Project object */;
			proxyType = 1;
			remoteGlobalIDString = 3A7AC9871E6E7E1400CB55EC;
			remoteInfo = YATipCalculator;
		};
/* End PBXContainerItemProxy section */

/* Begin PBXFileReference section */
		3A7AC9881E6E7E1400CB55EC /* YATipCalculator.app */ = {isa = PBXFileReference; explicitFileType = wrapper.application; includeInIndex = 0; path = YATipCalculator.app; sourceTree = BUILT_PRODUCTS_DIR; };
		3A7AC98B1E6E7E1400CB55EC /* AppDelegate.swift */ = {isa = PBXFileReference; lastKnownFileType = sourcecode.swift; path = AppDelegate.swift; sourceTree = "<group>"; };
		3A7AC98D1E6E7E1400CB55EC /* ViewController.swift */ = {isa = PBXFileReference; lastKnownFileType = sourcecode.swift; path = ViewController.swift; sourceTree = "<group>"; };
		3A7AC9901E6E7E1400CB55EC /* Base */ = {isa = PBXFileReference; lastKnownFileType = file.storyboard; name = Base; path = Base.lproj/Main.storyboard; sourceTree = "<group>"; };
		3A7AC9921E6E7E1400CB55EC /* Assets.xcassets */ = {isa = PBXFileReference; lastKnownFileType = folder.assetcatalog; path = Assets.xcassets; sourceTree = "<group>"; };
		3A7AC9971E6E7E1400CB55EC /* Info.plist */ = {isa = PBXFileReference; lastKnownFileType = text.plist.xml; path = Info.plist; sourceTree = "<group>"; };
		3A7AC99C1E6E7E1400CB55EC /* YATipCalculatorTests.xctest */ = {isa = PBXFileReference; explicitFileType = wrapper.cfbundle; includeInIndex = 0; path = YATipCalculatorTests.xctest; sourceTree = BUILT_PRODUCTS_DIR; };
		3A7AC9A01E6E7E1400CB55EC /* YATipCalculatorTests.swift */ = {isa = PBXFileReference; lastKnownFileType = sourcecode.swift; path = YATipCalculatorTests.swift; sourceTree = "<group>"; };
		3A7AC9A21E6E7E1400CB55EC /* Info.plist */ = {isa = PBXFileReference; lastKnownFileType = text.plist.xml; path = Info.plist; sourceTree = "<group>"; };
		3A7AC9A71E6E7E1400CB55EC /* YATipCalculatorUITests.xctest */ = {isa = PBXFileReference; explicitFileType = wrapper.cfbundle; includeInIndex = 0; path = YATipCalculatorUITests.xctest; sourceTree = BUILT_PRODUCTS_DIR; };
		3A7AC9AB1E6E7E1400CB55EC /* YATipCalculatorUITests.swift */ = {isa = PBXFileReference; lastKnownFileType = sourcecode.swift; path = YATipCalculatorUITests.swift; sourceTree = "<group>"; };
		3A7AC9AD1E6E7E1400CB55EC /* Info.plist */ = {isa = PBXFileReference; lastKnownFileType = text.plist.xml; path = Info.plist; sourceTree = "<group>"; };
		3A7AC9BB1E6E913A00CB55EC /* SettingsViewController.swift */ = {isa = PBXFileReference; fileEncoding = 4; lastKnownFileType = sourcecode.swift; path = SettingsViewController.swift; sourceTree = "<group>"; };
		3A7AC9BF1E6FDC5800CB55EC /* YATipCalculator.gif */ = {isa = PBXFileReference; lastKnownFileType = image.gif; path = YATipCalculator.gif; sourceTree = "<group>"; };
/* End PBXFileReference section */

/* Begin PBXFrameworksBuildPhase section */
		3A7AC9851E6E7E1400CB55EC /* Frameworks */ = {
			isa = PBXFrameworksBuildPhase;
			buildActionMask = 2147483647;
			files = (
			);
			runOnlyForDeploymentPostprocessing = 0;
		};
		3A7AC9991E6E7E1400CB55EC /* Frameworks */ = {
			isa = PBXFrameworksBuildPhase;
			buildActionMask = 2147483647;
			files = (
			);
			runOnlyForDeploymentPostprocessing = 0;
		};
		3A7AC9A41E6E7E1400CB55EC /* Frameworks */ = {
			isa = PBXFrameworksBuildPhase;
			buildActionMask = 2147483647;
			files = (
			);
			runOnlyForDeploymentPostprocessing = 0;
		};
/* End PBXFrameworksBuildPhase section */

/* Begin PBXGroup section */
		3A7AC97F1E6E7E1400CB55EC = {
			isa = PBXGroup;
			children = (
				3A7AC98A1E6E7E1400CB55EC /* YATipCalculator */,
				3A7AC99F1E6E7E1400CB55EC /* YATipCalculatorTests */,
				3A7AC9AA1E6E7E1400CB55EC /* YATipCalculatorUITests */,
				3A7AC9891E6E7E1400CB55EC /* Products */,
			);
			sourceTree = "<group>";
		};
		3A7AC9891E6E7E1400CB55EC /* Products */ = {
			isa = PBXGroup;
			children = (
				3A7AC9881E6E7E1400CB55EC /* YATipCalculator.app */,
				3A7AC99C1E6E7E1400CB55EC /* YATipCalculatorTests.xctest */,
				3A7AC9A71E6E7E1400CB55EC /* YATipCalculatorUITests.xctest */,
			);
			name = Products;
			sourceTree = "<group>";
		};
		3A7AC98A1E6E7E1400CB55EC /* YATipCalculator */ = {
			isa = PBXGroup;
			children = (
				3A7AC9BF1E6FDC5800CB55EC /* YATipCalculator.gif */,
				3A7AC98B1E6E7E1400CB55EC /* AppDelegate.swift */,
				3A7AC98D1E6E7E1400CB55EC /* ViewController.swift */,
				3A7AC98F1E6E7E1400CB55EC /* Main.storyboard */,
				3A7AC9BB1E6E913A00CB55EC /* SettingsViewController.swift */,
				3A7AC9921E6E7E1400CB55EC /* Assets.xcassets */,
				3A7AC9971E6E7E1400CB55EC /* Info.plist */,
			);
			path = YATipCalculator;
			sourceTree = "<group>";
		};
		3A7AC99F1E6E7E1400CB55EC /* YATipCalculatorTests */ = {
			isa = PBXGroup;
			children = (
				3A7AC9A01E6E7E1400CB55EC /* YATipCalculatorTests.swift */,
				3A7AC9A21E6E7E1400CB55EC /* Info.plist */,
			);
			path = YATipCalculatorTests;
			sourceTree = "<group>";
		};
		3A7AC9AA1E6E7E1400CB55EC /* YATipCalculatorUITests */ = {
			isa = PBXGroup;
			children = (
				3A7AC9AB1E6E7E1400CB55EC /* YATipCalculatorUITests.swift */,
				3A7AC9AD1E6E7E1400CB55EC /* Info.plist */,
			);
			path = YATipCalculatorUITests;
			sourceTree = "<group>";
		};
/* End PBXGroup section */

/* Begin PBXNativeTarget section */
		3A7AC9871E6E7E1400CB55EC /* YATipCalculator */ = {
			isa = PBXNativeTarget;
			buildConfigurationList = 3A7AC9B01E6E7E1400CB55EC /* Build configuration list for PBXNativeTarget "YATipCalculator" */;
			buildPhases = (
				3A7AC9841E6E7E1400CB55EC /* Sources */,
				3A7AC9851E6E7E1400CB55EC /* Frameworks */,
				3A7AC9861E6E7E1400CB55EC /* Resources */,
			);
			buildRules = (
			);
			dependencies = (
			);
			name = YATipCalculator;
			productName = YATipCalculator;
			productReference = 3A7AC9881E6E7E1400CB55EC /* YATipCalculator.app */;
			productType = "com.apple.product-type.application";
		};
		3A7AC99B1E6E7E1400CB55EC /* YATipCalculatorTests */ = {
			isa = PBXNativeTarget;
			buildConfigurationList = 3A7AC9B31E6E7E1400CB55EC /* Build configuration list for PBXNativeTarget "YATipCalculatorTests" */;
			buildPhases = (
				3A7AC9981E6E7E1400CB55EC /* Sources */,
				3A7AC9991E6E7E1400CB55EC /* Frameworks */,
				3A7AC99A1E6E7E1400CB55EC /* Resources */,
			);
			buildRules = (
			);
			dependencies = (
				3A7AC99E1E6E7E1400CB55EC /* PBXTargetDependency */,
			);
			name = YATipCalculatorTests;
			productName = YATipCalculatorTests;
			productReference = 3A7AC99C1E6E7E1400CB55EC /* YATipCalculatorTests.xctest */;
			productType = "com.apple.product-type.bundle.unit-test";
		};
		3A7AC9A61E6E7E1400CB55EC /* YATipCalculatorUITests */ = {
			isa = PBXNativeTarget;
			buildConfigurationList = 3A7AC9B61E6E7E1400CB55EC /* Build configuration list for PBXNativeTarget "YATipCalculatorUITests" */;
			buildPhases = (
				3A7AC9A31E6E7E1400CB55EC /* Sources */,
				3A7AC9A41E6E7E1400CB55EC /* Frameworks */,
				3A7AC9A51E6E7E1400CB55EC /* Resources */,
			);
			buildRules = (
			);
			dependencies = (
				3A7AC9A91E6E7E1400CB55EC /* PBXTargetDependency */,
			);
			name = YATipCalculatorUITests;
			productName = YATipCalculatorUITests;
			productReference = 3A7AC9A71E6E7E1400CB55EC /* YATipCalculatorUITests.xctest */;
			productType = "com.apple.product-type.bundle.ui-testing";
		};
/* End PBXNativeTarget section */

/* Begin PBXProject section */
		3A7AC9801E6E7E1400CB55EC /* Project object */ = {
			isa = PBXProject;
			attributes = {
				LastSwiftUpdateCheck = 0820;
				LastUpgradeCheck = 0820;
				ORGANIZATIONNAME = "Davuluri, Chandana";
				TargetAttributes = {
					3A7AC9871E6E7E1400CB55EC = {
						CreatedOnToolsVersion = 8.2.1;
						ProvisioningStyle = Automatic;
					};
					3A7AC99B1E6E7E1400CB55EC = {
						CreatedOnToolsVersion = 8.2.1;
						ProvisioningStyle = Automatic;
						TestTargetID = 3A7AC9871E6E7E1400CB55EC;
					};
					3A7AC9A61E6E7E1400CB55EC = {
						CreatedOnToolsVersion = 8.2.1;
						ProvisioningStyle = Automatic;
						TestTargetID = 3A7AC9871E6E7E1400CB55EC;
					};
				};
			};
			buildConfigurationList = 3A7AC9831E6E7E1400CB55EC /* Build configuration list for PBXProject "YATipCalculator" */;
			compatibilityVersion = "Xcode 3.2";
			developmentRegion = English;
			hasScannedForEncodings = 0;
			knownRegions = (
				en,
				Base,
			);
			mainGroup = 3A7AC97F1E6E7E1400CB55EC;
			productRefGroup = 3A7AC9891E6E7E1400CB55EC /* Products */;
			projectDirPath = "";
			projectRoot = "";
			targets = (
				3A7AC9871E6E7E1400CB55EC /* YATipCalculator */,
				3A7AC99B1E6E7E1400CB55EC /* YATipCalculatorTests */,
				3A7AC9A61E6E7E1400CB55EC /* YATipCalculatorUITests */,
			);
		};
/* End PBXProject section */

/* Begin PBXResourcesBuildPhase section */
		3A7AC9861E6E7E1400CB55EC /* Resources */ = {
			isa = PBXResourcesBuildPhase;
			buildActionMask = 2147483647;
			files = (
				3A7AC9C01E6FDC5800CB55EC /* YATipCalculator.gif in Resources */,
				3A7AC9931E6E7E1400CB55EC /* Assets.xcassets in Resources */,
				3A7AC9911E6E7E1400CB55EC /* Main.storyboard in Resources */,
			);
			runOnlyForDeploymentPostprocessing = 0;
		};
		3A7AC99A1E6E7E1400CB55EC /* Resources */ = {
			isa = PBXResourcesBuildPhase;
			buildActionMask = 2147483647;
			files = (
			);
			runOnlyForDeploymentPostprocessing = 0;
		};
		3A7AC9A51E6E7E1400CB55EC /* Resources */ = {
			isa = PBXResourcesBuildPhase;
			buildActionMask = 2147483647;
			files = (
			);
			runOnlyForDeploymentPostprocessing = 0;
		};
/* End PBXResourcesBuildPhase section */

/* Begin PBXSourcesBuildPhase section */
		3A7AC9841E6E7E1400CB55EC /* Sources */ = {
			isa = PBXSourcesBuildPhase;
			buildActionMask = 2147483647;
			files = (
				3A7AC98E1E6E7E1400CB55EC /* ViewController.swift in Sources */,
				3A7AC98C1E6E7E1400CB55EC /* AppDelegate.swift in Sources */,
				3A7AC9BC1E6E913A00CB55EC /* SettingsViewController.swift in Sources */,
			);
			runOnlyForDeploymentPostprocessing = 0;
		};
		3A7AC9981E6E7E1400CB55EC /* Sources */ = {
			isa = PBXSourcesBuildPhase;
			buildActionMask = 2147483647;
			files = (
				3A7AC9A11E6E7E1400CB55EC /* YATipCalculatorTests.swift in Sources */,
			);
			runOnlyForDeploymentPostprocessing = 0;
		};
		3A7AC9A31E6E7E1400CB55EC /* Sources */ = {
			isa = PBXSourcesBuildPhase;
			buildActionMask = 2147483647;
			files = (
				3A7AC9AC1E6E7E1400CB55EC /* YATipCalculatorUITests.swift in Sources */,
			);
			runOnlyForDeploymentPostprocessing = 0;
		};
/* End PBXSourcesBuildPhase section */

/* Begin PBXTargetDependency section */
		3A7AC99E1E6E7E1400CB55EC /* PBXTargetDependency */ = {
			isa = PBXTargetDependency;
			target = 3A7AC9871E6E7E1400CB55EC /* YATipCalculator */;
			targetProxy = 3A7AC99D1E6E7E1400CB55EC /* PBXContainerItemProxy */;
		};
		3A7AC9A91E6E7E1400CB55EC /* PBXTargetDependency */ = {
			isa = PBXTargetDependency;
			target = 3A7AC9871E6E7E1400CB55EC /* YATipCalculator */;
			targetProxy = 3A7AC9A81E6E7E1400CB55EC /* PBXContainerItemProxy */;
		};
/* End PBXTargetDependency section */

/* Begin PBXVariantGroup section */
		3A7AC98F1E6E7E1400CB55EC /* Main.storyboard */ = {
			isa = PBXVariantGroup;
			children = (
				3A7AC9901E6E7E1400CB55EC /* Base */,
			);
			name = Main.storyboard;
			sourceTree = "<group>";
		};
/* End PBXVariantGroup section */

/* Begin XCBuildConfiguration section */
		3A7AC9AE1E6E7E1400CB55EC /* Debug */ = {
			isa = XCBuildConfiguration;
			buildSettings = {
				ALWAYS_SEARCH_USER_PATHS = NO;
				CLANG_ANALYZER_NONNULL = YES;
				CLANG_CXX_LANGUAGE_STANDARD = "gnu++0x";
				CLANG_CXX_LIBRARY = "libc++";
				CLANG_ENABLE_MODULES = YES;
				CLANG_ENABLE_OBJC_ARC = YES;
				CLANG_WARN_BOOL_CONVERSION = YES;
				CLANG_WARN_CONSTANT_CONVERSION = YES;
				CLANG_WARN_DIRECT_OBJC_ISA_USAGE = YES_ERROR;
				CLANG_WARN_DOCUMENTATION_COMMENTS = YES;
				CLANG_WARN_EMPTY_BODY = YES;
				CLANG_WARN_ENUM_CONVERSION = YES;
				CLANG_WARN_INFINITE_RECURSION = YES;
				CLANG_WARN_INT_CONVERSION = YES;
				CLANG_WARN_OBJC_ROOT_CLASS = YES_ERROR;
				CLANG_WARN_SUSPICIOUS_MOVE = YES;
				CLANG_WARN_UNREACHABLE_CODE = YES;
				CLANG_WARN__DUPLICATE_METHOD_MATCH = YES;
				"CODE_SIGN_IDENTITY[sdk=iphoneos*]" = "iPhone Developer";
				COPY_PHASE_STRIP = NO;
				DEBUG_INFORMATION_FORMAT = dwarf;
				ENABLE_STRICT_OBJC_MSGSEND = YES;
				ENABLE_TESTABILITY = YES;
				GCC_C_LANGUAGE_STANDARD = gnu99;
				GCC_DYNAMIC_NO_PIC = NO;
				GCC_NO_COMMON_BLOCKS = YES;
				GCC_OPTIMIZATION_LEVEL = 0;
				GCC_PREPROCESSOR_DEFINITIONS = (
					"DEBUG=1",
					"$(inherited)",
				);
				GCC_WARN_64_TO_32_BIT_CONVERSION = YES;
				GCC_WARN_ABOUT_RETURN_TYPE = YES_ERROR;
				GCC_WARN_UNDECLARED_SELECTOR = YES;
				GCC_WARN_UNINITIALIZED_AUTOS = YES_AGGRESSIVE;
				GCC_WARN_UNUSED_FUNCTION = YES;
				GCC_WARN_UNUSED_VARIABLE = YES;
				IPHONEOS_DEPLOYMENT_TARGET = 10.2;
				MTL_ENABLE_DEBUG_INFO = YES;
				ONLY_ACTIVE_ARCH = YES;
				SDKROOT = iphoneos;
				SWIFT_ACTIVE_COMPILATION_CONDITIONS = DEBUG;
				SWIFT_OPTIMIZATION_LEVEL = "-Onone";
			};
			name = Debug;
		};
		3A7AC9AF1E6E7E1400CB55EC /* Release */ = {
			isa = XCBuildConfiguration;
			buildSettings = {
				ALWAYS_SEARCH_USER_PATHS = NO;
				CLANG_ANALYZER_NONNULL = YES;
				CLANG_CXX_LANGUAGE_STANDARD = "gnu++0x";
				CLANG_CXX_LIBRARY = "libc++";
				CLANG_ENABLE_MODULES = YES;
				CLANG_ENABLE_OBJC_ARC = YES;
				CLANG_WARN_BOOL_CONVERSION = YES;
				CLANG_WARN_CONSTANT_CONVERSION = YES;
				CLANG_WARN_DIRECT_OBJC_ISA_USAGE = YES_ERROR;
				CLANG_WARN_DOCUMENTATION_COMMENTS = YES;
				CLANG_WARN_EMPTY_BODY = YES;
				CLANG_WARN_ENUM_CONVERSION = YES;
				CLANG_WARN_INFINITE_RECURSION = YES;
				CLANG_WARN_INT_CONVERSION = YES;
				CLANG_WARN_OBJC_ROOT_CLASS = YES_ERROR;
				CLANG_WARN_SUSPICIOUS_MOVE = YES;
				CLANG_WARN_UNREACHABLE_CODE = YES;
				CLANG_WARN__DUPLICATE_METHOD_MATCH = YES;
				"CODE_SIGN_IDENTITY[sdk=iphoneos*]" = "iPhone Developer";
				COPY_PHASE_STRIP = NO;
				DEBUG_INFORMATION_FORMAT = "dwarf-with-dsym";
				ENABLE_NS_ASSERTIONS = NO;
				ENABLE_STRICT_OBJC_MSGSEND = YES;
				GCC_C_LANGUAGE_STANDARD = gnu99;
				GCC_NO_COMMON_BLOCKS = YES;
				GCC_WARN_64_TO_32_BIT_CONVERSION = YES;
				GCC_WARN_ABOUT_RETURN_TYPE = YES_ERROR;
				GCC_WARN_UNDECLARED_SELECTOR = YES;
				GCC_WARN_UNINITIALIZED_AUTOS = YES_AGGRESSIVE;
				GCC_WARN_UNUSED_FUNCTION = YES;
				GCC_WARN_UNUSED_VARIABLE = YES;
				IPHONEOS_DEPLOYMENT_TARGET = 10.2;
				MTL_ENABLE_DEBUG_INFO = NO;
				SDKROOT = iphoneos;
				SWIFT_OPTIMIZATION_LEVEL = "-Owholemodule";
				VALIDATE_PRODUCT = YES;
			};
			name = Release;
		};
		3A7AC9B11E6E7E1400CB55EC /* Debug */ = {
			isa = XCBuildConfiguration;
			buildSettings = {
				ASSETCATALOG_COMPILER_APPICON_NAME = AppIcon;
				ASSETCATALOG_COMPILER_LAUNCHIMAGE_NAME = LaunchImage;
				INFOPLIST_FILE = YATipCalculator/Info.plist;
				LD_RUNPATH_SEARCH_PATHS = "$(inherited) @executable_path/Frameworks";
				PRODUCT_BUNDLE_IDENTIFIER = com.chandana.YATipCalculator;
				PRODUCT_NAME = "$(TARGET_NAME)";
				SWIFT_VERSION = 3.0;
			};
			name = Debug;
		};
		3A7AC9B21E6E7E1400CB55EC /* Release */ = {
			isa = XCBuildConfiguration;
			buildSettings = {
				ASSETCATALOG_COMPILER_APPICON_NAME = AppIcon;
				ASSETCATALOG_COMPILER_LAUNCHIMAGE_NAME = LaunchImage;
				INFOPLIST_FILE = YATipCalculator/Info.plist;
				LD_RUNPATH_SEARCH_PATHS = "$(inherited) @executable_path/Frameworks";
				PRODUCT_BUNDLE_IDENTIFIER = com.chandana.YATipCalculator;
				PRODUCT_NAME = "$(TARGET_NAME)";
				SWIFT_VERSION = 3.0;
			};
			name = Release;
		};
		3A7AC9B41E6E7E1400CB55EC /* Debug */ = {
			isa = XCBuildConfiguration;
			buildSettings = {
				ALWAYS_EMBED_SWIFT_STANDARD_LIBRARIES = YES;
				BUNDLE_LOADER = "$(TEST_HOST)";
				INFOPLIST_FILE = YATipCalculatorTests/Info.plist;
				LD_RUNPATH_SEARCH_PATHS = "$(inherited) @executable_path/Frameworks @loader_path/Frameworks";
				PRODUCT_BUNDLE_IDENTIFIER = com.chandana.YATipCalculatorTests;
				PRODUCT_NAME = "$(TARGET_NAME)";
				SWIFT_VERSION = 3.0;
				TEST_HOST = "$(BUILT_PRODUCTS_DIR)/YATipCalculator.app/YATipCalculator";
			};
			name = Debug;
		};
		3A7AC9B51E6E7E1400CB55EC /* Release */ = {
			isa = XCBuildConfiguration;
			buildSettings = {
				ALWAYS_EMBED_SWIFT_STANDARD_LIBRARIES = YES;
				BUNDLE_LOADER = "$(TEST_HOST)";
				INFOPLIST_FILE = YATipCalculatorTests/Info.plist;
				LD_RUNPATH_SEARCH_PATHS = "$(inherited) @executable_path/Frameworks @loader_path/Frameworks";
				PRODUCT_BUNDLE_IDENTIFIER = com.chandana.YATipCalculatorTests;
				PRODUCT_NAME = "$(TARGET_NAME)";
				SWIFT_VERSION = 3.0;
				TEST_HOST = "$(BUILT_PRODUCTS_DIR)/YATipCalculator.app/YATipCalculator";
			};
			name = Release;
		};
		3A7AC9B71E6E7E1400CB55EC /* Debug */ = {
			isa = XCBuildConfiguration;
			buildSettings = {
				ALWAYS_EMBED_SWIFT_STANDARD_LIBRARIES = YES;
				INFOPLIST_FILE = YATipCalculatorUITests/Info.plist;
				LD_RUNPATH_SEARCH_PATHS = "$(inherited) @executable_path/Frameworks @loader_path/Frameworks";
				PRODUCT_BUNDLE_IDENTIFIER = com.chandana.YATipCalculatorUITests;
				PRODUCT_NAME = "$(TARGET_NAME)";
				SWIFT_VERSION = 3.0;
				TEST_TARGET_NAME = YATipCalculator;
			};
			name = Debug;
		};
		3A7AC9B81E6E7E1400CB55EC /* Release */ = {
			isa = XCBuildConfiguration;
			buildSettings = {
				ALWAYS_EMBED_SWIFT_STANDARD_LIBRARIES = YES;
				INFOPLIST_FILE = YATipCalculatorUITests/Info.plist;
				LD_RUNPATH_SEARCH_PATHS = "$(inherited) @executable_path/Frameworks @loader_path/Frameworks";
				PRODUCT_BUNDLE_IDENTIFIER = com.chandana.YATipCalculatorUITests;
				PRODUCT_NAME = "$(TARGET_NAME)";
				SWIFT_VERSION = 3.0;
				TEST_TARGET_NAME = YATipCalculator;
			};
			name = Release;
		};
/* End XCBuildConfiguration section */

/* Begin XCConfigurationList section */
		3A7AC9831E6E7E1400CB55EC /* Build configuration list for PBXProject "YATipCalculator" */ = {
			isa = XCConfigurationList;
			buildConfigurations = (
				3A7AC9AE1E6E7E1400CB55EC /* Debug */,
				3A7AC9AF1E6E7E1400CB55EC /* Release */,
			);
			defaultConfigurationIsVisible = 0;
			defaultConfigurationName = Release;
		};
		3A7AC9B01E6E7E1400CB55EC /* Build configuration list for PBXNativeTarget "YATipCalculator" */ = {
			isa = XCConfigurationList;
			buildConfigurations = (
				3A7AC9B11E6E7E1400CB55EC /* Debug */,
				3A7AC9B21E6E7E1400CB55EC /* Release */,
			);
			defaultConfigurationIsVisible = 0;
			defaultConfigurationName = Release;
		};
		3A7AC9B31E6E7E1400CB55EC /* Build configuration list for PBXNativeTarget "YATipCalculatorTests" */ = {
			isa = XCConfigurationList;
			buildConfigurations = (
				3A7AC9B41E6E7E1400CB55EC /* Debug */,
				3A7AC9B51E6E7E1400CB55EC /* Release */,
			);
			defaultConfigurationIsVisible = 0;
			defaultConfigurationName = Release;
		};
		3A7AC9B61E6E7E1400CB55EC /* Build configuration list for PBXNativeTarget "YATipCalculatorUITests" */ = {
			isa = XCConfigurationList;
			buildConfigurations = (
				3A7AC9B71E6E7E1400CB55EC /* Debug */,
				3A7AC9B81E6E7E1400CB55EC /* Release */,
			);
			defaultConfigurationIsVisible = 0;
			defaultConfigurationName = Release;
		};
/* End XCConfigurationList section */
	};
	rootObject = 3A7AC9801E6E7E1400CB55EC /* Project object */;
}
